// !$*UTF8*$!
{
	archiveVersion = 1;
	classes = {
	};
	objectVersion = 51;
	objects = {

/* Begin PBXBuildFile section */
		400037DA545F6D544F4D295F /* Login+Constants.swift in Sources */ = {isa = PBXBuildFile; fileRef = 5D0BCEA02DB2300318DDB775 /* Login+Constants.swift */; };
		498006EBFF412FC1EA6F0555 /* AppDelegate.swift in Sources */ = {isa = PBXBuildFile; fileRef = 58BD3E28BB99B4A2BFBB07E1 /* AppDelegate.swift */; };
		5234270474214D2F8B1CB9D3 /* LoginViewController.swift in Sources */ = {isa = PBXBuildFile; fileRef = 51AA1716AB54CABE400FC7FC /* LoginViewController.swift */; };
		8F9457AB816D1DF50D1AF629 /* CustomTextField.swift in Sources */ = {isa = PBXBuildFile; fileRef = F6BF4968DC0E2E58C88D3D3C /* CustomTextField.swift */; };
		9EA77D3FB6F522EBD4B29FFE /* Assets.xcassets in Resources */ = {isa = PBXBuildFile; fileRef = A56BFAE89EAC9565874A65A2 /* Assets.xcassets */; };
		CCD801964C9DDE9C6289F5AB /* LaunchScreen.storyboard in Resources */ = {isa = PBXBuildFile; fileRef = E3FF1CADBC982FDC021C4A60 /* LaunchScreen.storyboard */; };
		D5B5732115490EA29B6A556B /* Login+Style.swift in Sources */ = {isa = PBXBuildFile; fileRef = 82522A43FE43D62ACFF1281B /* Login+Style.swift */; };
/* End PBXBuildFile section */

/* Begin PBXFileReference section */
		1A976FE272AF1BE0CEDB9565 /* ChatHub.app */ = {isa = PBXFileReference; includeInIndex = 0; lastKnownFileType = wrapper.application; path = ChatHub.app; sourceTree = BUILT_PRODUCTS_DIR; };
		3EB4CAC20D1BDE40647B7C29 /* Base */ = {isa = PBXFileReference; lastKnownFileType = file.storyboard; name = Base; path = Base.lproj/LaunchScreen.storyboard; sourceTree = "<group>"; };
		51AA1716AB54CABE400FC7FC /* LoginViewController.swift */ = {isa = PBXFileReference; lastKnownFileType = sourcecode.swift; path = LoginViewController.swift; sourceTree = "<group>"; };
		58BD3E28BB99B4A2BFBB07E1 /* AppDelegate.swift */ = {isa = PBXFileReference; lastKnownFileType = sourcecode.swift; path = AppDelegate.swift; sourceTree = "<group>"; };
		5D0BCEA02DB2300318DDB775 /* Login+Constants.swift */ = {isa = PBXFileReference; lastKnownFileType = sourcecode.swift; path = "Login+Constants.swift"; sourceTree = "<group>"; };
		6FC1E18974D34DA2FBEAA8FC /* Info.plist */ = {isa = PBXFileReference; lastKnownFileType = text.plist; path = Info.plist; sourceTree = "<group>"; };
		82522A43FE43D62ACFF1281B /* Login+Style.swift */ = {isa = PBXFileReference; lastKnownFileType = sourcecode.swift; path = "Login+Style.swift"; sourceTree = "<group>"; };
		A56BFAE89EAC9565874A65A2 /* Assets.xcassets */ = {isa = PBXFileReference; lastKnownFileType = folder.assetcatalog; path = Assets.xcassets; sourceTree = "<group>"; };
		F6BF4968DC0E2E58C88D3D3C /* CustomTextField.swift */ = {isa = PBXFileReference; lastKnownFileType = sourcecode.swift; path = CustomTextField.swift; sourceTree = "<group>"; };
/* End PBXFileReference section */

/* Begin PBXGroup section */
		2D83BC526328DC15406BFDC5 /* Login */ = {
			isa = PBXGroup;
			children = (
				5D0BCEA02DB2300318DDB775 /* Login+Constants.swift */,
				82522A43FE43D62ACFF1281B /* Login+Style.swift */,
				51AA1716AB54CABE400FC7FC /* LoginViewController.swift */,
			);
			path = Login;
			sourceTree = "<group>";
		};
		3A9EBB92BAEE19D8294B3AF2 /* ChatHub */ = {
			isa = PBXGroup;
			children = (
				58BD3E28BB99B4A2BFBB07E1 /* AppDelegate.swift */,
				A56BFAE89EAC9565874A65A2 /* Assets.xcassets */,
				6FC1E18974D34DA2FBEAA8FC /* Info.plist */,
				E3FF1CADBC982FDC021C4A60 /* LaunchScreen.storyboard */,
				7EED942C0A2E1A361F40A1D5 /* Components */,
				2D83BC526328DC15406BFDC5 /* Login */,
			);
			path = ChatHub;
			sourceTree = "<group>";
		};
		4B93387737B5F71E98FD3926 /* Products */ = {
			isa = PBXGroup;
			children = (
				1A976FE272AF1BE0CEDB9565 /* ChatHub.app */,
			);
			name = Products;
			sourceTree = "<group>";
		};
		7EED942C0A2E1A361F40A1D5 /* Components */ = {
			isa = PBXGroup;
			children = (
				F6BF4968DC0E2E58C88D3D3C /* CustomTextField.swift */,
			);
			path = Components;
			sourceTree = "<group>";
		};
		CC83226C2F4E347F0FF3F0C8 = {
			isa = PBXGroup;
			children = (
				3A9EBB92BAEE19D8294B3AF2 /* ChatHub */,
				4B93387737B5F71E98FD3926 /* Products */,
			);
			sourceTree = "<group>";
		};
/* End PBXGroup section */

/* Begin PBXNativeTarget section */
		DAEC54ABCA97BFCD191442B6 /* ChatHub */ = {
			isa = PBXNativeTarget;
			buildConfigurationList = 3E12192C4035632E26082E5D /* Build configuration list for PBXNativeTarget "ChatHub" */;
			buildPhases = (
				58D0963C7DD3D21D0D31B418 /* Sources */,
				2A2BA62FE75047AF463DF0BD /* Resources */,
			);
			buildRules = (
			);
			dependencies = (
			);
			name = ChatHub;
			productName = ChatHub;
			productReference = 1A976FE272AF1BE0CEDB9565 /* ChatHub.app */;
			productType = "com.apple.product-type.application";
		};
/* End PBXNativeTarget section */

/* Begin PBXProject section */
		9F02DBD817C27DBABF9288CA /* Project object */ = {
			isa = PBXProject;
			attributes = {
				LastUpgradeCheck = 1200;
				TargetAttributes = {
				};
			};
			buildConfigurationList = 1FD983FBD7D920D430B3EC04 /* Build configuration list for PBXProject "ChatHub" */;
			compatibilityVersion = "Xcode 11.0";
			developmentRegion = en;
			hasScannedForEncodings = 0;
			knownRegions = (
				Base,
				en,
			);
			mainGroup = CC83226C2F4E347F0FF3F0C8;
			projectDirPath = "";
			projectRoot = "";
			targets = (
				DAEC54ABCA97BFCD191442B6 /* ChatHub */,
			);
		};
/* End PBXProject section */

/* Begin PBXResourcesBuildPhase section */
		2A2BA62FE75047AF463DF0BD /* Resources */ = {
			isa = PBXResourcesBuildPhase;
			buildActionMask = 2147483647;
			files = (
				9EA77D3FB6F522EBD4B29FFE /* Assets.xcassets in Resources */,
				CCD801964C9DDE9C6289F5AB /* LaunchScreen.storyboard in Resources */,
			);
			runOnlyForDeploymentPostprocessing = 0;
		};
/* End PBXResourcesBuildPhase section */

/* Begin PBXSourcesBuildPhase section */
		58D0963C7DD3D21D0D31B418 /* Sources */ = {
			isa = PBXSourcesBuildPhase;
			buildActionMask = 2147483647;
			files = (
				498006EBFF412FC1EA6F0555 /* AppDelegate.swift in Sources */,
				8F9457AB816D1DF50D1AF629 /* CustomTextField.swift in Sources */,
				400037DA545F6D544F4D295F /* Login+Constants.swift in Sources */,
				D5B5732115490EA29B6A556B /* Login+Style.swift in Sources */,
				5234270474214D2F8B1CB9D3 /* LoginViewController.swift in Sources */,
			);
			runOnlyForDeploymentPostprocessing = 0;
		};
/* End PBXSourcesBuildPhase section */

/* Begin PBXVariantGroup section */
		E3FF1CADBC982FDC021C4A60 /* LaunchScreen.storyboard */ = {
			isa = PBXVariantGroup;
			children = (
				3EB4CAC20D1BDE40647B7C29 /* Base */,
			);
			name = LaunchScreen.storyboard;
			sourceTree = "<group>";
		};
/* End PBXVariantGroup section */

/* Begin XCBuildConfiguration section */
		456F52E3EEA2C176DD5ECBE4 /* Debug */ = {
			isa = XCBuildConfiguration;
			buildSettings = {
				ALWAYS_SEARCH_USER_PATHS = NO;
				CLANG_ANALYZER_NONNULL = YES;
				CLANG_ANALYZER_NUMBER_OBJECT_CONVERSION = YES_AGGRESSIVE;
				CLANG_CXX_LANGUAGE_STANDARD = "gnu++14";
				CLANG_CXX_LIBRARY = "libc++";
				CLANG_ENABLE_MODULES = YES;
				CLANG_ENABLE_OBJC_ARC = YES;
				CLANG_ENABLE_OBJC_WEAK = YES;
				CLANG_WARN_BLOCK_CAPTURE_AUTORELEASING = YES;
				CLANG_WARN_BOOL_CONVERSION = YES;
				CLANG_WARN_COMMA = YES;
				CLANG_WARN_CONSTANT_CONVERSION = YES;
				CLANG_WARN_DEPRECATED_OBJC_IMPLEMENTATIONS = YES;
				CLANG_WARN_DIRECT_OBJC_ISA_USAGE = YES_ERROR;
				CLANG_WARN_DOCUMENTATION_COMMENTS = YES;
				CLANG_WARN_EMPTY_BODY = YES;
				CLANG_WARN_ENUM_CONVERSION = YES;
				CLANG_WARN_INFINITE_RECURSION = YES;
				CLANG_WARN_INT_CONVERSION = YES;
				CLANG_WARN_NON_LITERAL_NULL_CONVERSION = YES;
				CLANG_WARN_OBJC_IMPLICIT_RETAIN_SELF = YES;
				CLANG_WARN_OBJC_LITERAL_CONVERSION = YES;
				CLANG_WARN_OBJC_ROOT_CLASS = YES_ERROR;
				CLANG_WARN_QUOTED_INCLUDE_IN_FRAMEWORK_HEADER = YES;
				CLANG_WARN_RANGE_LOOP_ANALYSIS = YES;
				CLANG_WARN_STRICT_PROTOTYPES = YES;
				CLANG_WARN_SUSPICIOUS_MOVE = YES;
				CLANG_WARN_UNGUARDED_AVAILABILITY = YES_AGGRESSIVE;
				CLANG_WARN_UNREACHABLE_CODE = YES;
				CLANG_WARN__DUPLICATE_METHOD_MATCH = YES;
				COPY_PHASE_STRIP = NO;
				DEBUG_INFORMATION_FORMAT = dwarf;
				ENABLE_STRICT_OBJC_MSGSEND = YES;
				ENABLE_TESTABILITY = YES;
				GCC_C_LANGUAGE_STANDARD = gnu11;
				GCC_DYNAMIC_NO_PIC = NO;
				GCC_NO_COMMON_BLOCKS = YES;
				GCC_OPTIMIZATION_LEVEL = 0;
				GCC_PREPROCESSOR_DEFINITIONS = (
					"$(inherited)",
					"DEBUG=1",
				);
				GCC_WARN_64_TO_32_BIT_CONVERSION = YES;
				GCC_WARN_ABOUT_RETURN_TYPE = YES_ERROR;
				GCC_WARN_UNDECLARED_SELECTOR = YES;
				GCC_WARN_UNINITIALIZED_AUTOS = YES_AGGRESSIVE;
				GCC_WARN_UNUSED_FUNCTION = YES;
				GCC_WARN_UNUSED_VARIABLE = YES;
				IPHONEOS_DEPLOYMENT_TARGET = 14.0;
				MTL_ENABLE_DEBUG_INFO = INCLUDE_SOURCE;
				MTL_FAST_MATH = YES;
				ONLY_ACTIVE_ARCH = YES;
				PRODUCT_NAME = "$(TARGET_NAME)";
				SDKROOT = iphoneos;
				SWIFT_ACTIVE_COMPILATION_CONDITIONS = DEBUG;
				SWIFT_OPTIMIZATION_LEVEL = "-Onone";
				SWIFT_VERSION = 5.0;
			};
			name = Debug;
		};
		8C58D82AAAC5BDD74590425A /* Release */ = {
			isa = XCBuildConfiguration;
			buildSettings = {
				ALWAYS_SEARCH_USER_PATHS = NO;
				CLANG_ANALYZER_NONNULL = YES;
				CLANG_ANALYZER_NUMBER_OBJECT_CONVERSION = YES_AGGRESSIVE;
				CLANG_CXX_LANGUAGE_STANDARD = "gnu++14";
				CLANG_CXX_LIBRARY = "libc++";
				CLANG_ENABLE_MODULES = YES;
				CLANG_ENABLE_OBJC_ARC = YES;
				CLANG_ENABLE_OBJC_WEAK = YES;
				CLANG_WARN_BLOCK_CAPTURE_AUTORELEASING = YES;
				CLANG_WARN_BOOL_CONVERSION = YES;
				CLANG_WARN_COMMA = YES;
				CLANG_WARN_CONSTANT_CONVERSION = YES;
				CLANG_WARN_DEPRECATED_OBJC_IMPLEMENTATIONS = YES;
				CLANG_WARN_DIRECT_OBJC_ISA_USAGE = YES_ERROR;
				CLANG_WARN_DOCUMENTATION_COMMENTS = YES;
				CLANG_WARN_EMPTY_BODY = YES;
				CLANG_WARN_ENUM_CONVERSION = YES;
				CLANG_WARN_INFINITE_RECURSION = YES;
				CLANG_WARN_INT_CONVERSION = YES;
				CLANG_WARN_NON_LITERAL_NULL_CONVERSION = YES;
				CLANG_WARN_OBJC_IMPLICIT_RETAIN_SELF = YES;
				CLANG_WARN_OBJC_LITERAL_CONVERSION = YES;
				CLANG_WARN_OBJC_ROOT_CLASS = YES_ERROR;
				CLANG_WARN_QUOTED_INCLUDE_IN_FRAMEWORK_HEADER = YES;
				CLANG_WARN_RANGE_LOOP_ANALYSIS = YES;
				CLANG_WARN_STRICT_PROTOTYPES = YES;
				CLANG_WARN_SUSPICIOUS_MOVE = YES;
				CLANG_WARN_UNGUARDED_AVAILABILITY = YES_AGGRESSIVE;
				CLANG_WARN_UNREACHABLE_CODE = YES;
				CLANG_WARN__DUPLICATE_METHOD_MATCH = YES;
				COPY_PHASE_STRIP = NO;
				DEBUG_INFORMATION_FORMAT = "dwarf-with-dsym";
				ENABLE_NS_ASSERTIONS = NO;
				ENABLE_STRICT_OBJC_MSGSEND = YES;
				GCC_C_LANGUAGE_STANDARD = gnu11;
				GCC_NO_COMMON_BLOCKS = YES;
				GCC_WARN_64_TO_32_BIT_CONVERSION = YES;
				GCC_WARN_ABOUT_RETURN_TYPE = YES_ERROR;
				GCC_WARN_UNDECLARED_SELECTOR = YES;
				GCC_WARN_UNINITIALIZED_AUTOS = YES_AGGRESSIVE;
				GCC_WARN_UNUSED_FUNCTION = YES;
				GCC_WARN_UNUSED_VARIABLE = YES;
				IPHONEOS_DEPLOYMENT_TARGET = 14.0;
				MTL_ENABLE_DEBUG_INFO = NO;
				MTL_FAST_MATH = YES;
				PRODUCT_NAME = "$(TARGET_NAME)";
				SDKROOT = iphoneos;
				SWIFT_COMPILATION_MODE = wholemodule;
				SWIFT_OPTIMIZATION_LEVEL = "-O";
				SWIFT_VERSION = 5.0;
			};
			name = Release;
		};
		AFD55F6C1D0DE8ABF4980FAD /* Release */ = {
			isa = XCBuildConfiguration;
			buildSettings = {
				ASSETCATALOG_COMPILER_APPICON_NAME = AppIcon;
				CODE_SIGN_IDENTITY = "iPhone Developer";
				INFOPLIST_FILE = ChatHub/Info.plist;
				LD_RUNPATH_SEARCH_PATHS = (
					"$(inherited)",
					"@executable_path/Frameworks",
				);
				SDKROOT = iphoneos;
				TARGETED_DEVICE_FAMILY = "1,2";
			};
			name = Release;
		};
		C3B4F4FA5FFE989D154DFC8B /* Debug */ = {
			isa = XCBuildConfiguration;
			buildSettings = {
				ASSETCATALOG_COMPILER_APPICON_NAME = AppIcon;
				CODE_SIGN_IDENTITY = "iPhone Developer";
				INFOPLIST_FILE = ChatHub/Info.plist;
				LD_RUNPATH_SEARCH_PATHS = (
					"$(inherited)",
					"@executable_path/Frameworks",
				);
				SDKROOT = iphoneos;
				TARGETED_DEVICE_FAMILY = "1,2";
			};
			name = Debug;
		};
/* End XCBuildConfiguration section */

/* Begin XCConfigurationList section */
		1FD983FBD7D920D430B3EC04 /* Build configuration list for PBXProject "ChatHub" */ = {
			isa = XCConfigurationList;
			buildConfigurations = (
				456F52E3EEA2C176DD5ECBE4 /* Debug */,
				8C58D82AAAC5BDD74590425A /* Release */,
			);
			defaultConfigurationIsVisible = 0;
			defaultConfigurationName = Debug;
		};
		3E12192C4035632E26082E5D /* Build configuration list for PBXNativeTarget "ChatHub" */ = {
			isa = XCConfigurationList;
			buildConfigurations = (
				C3B4F4FA5FFE989D154DFC8B /* Debug */,
				AFD55F6C1D0DE8ABF4980FAD /* Release */,
			);
			defaultConfigurationIsVisible = 0;
			defaultConfigurationName = Debug;
		};
/* End XCConfigurationList section */
	};
	rootObject = 9F02DBD817C27DBABF9288CA /* Project object */;
}
